
Microsoft Visual Studio Solution File, Format Version 12.00
# Visual Studio 2013
VisualStudioVersion = 12.0.30723.0
MinimumVisualStudioVersion = 10.0.40219.1
Project("{FAE04EC0-301F-11D3-BF4B-00C04F79EFBC}") = "TaxonomyPicker", "TaxonomyPicker\TaxonomyPicker.csproj", "{1FA300FD-4D2A-4504-9D46-D475CB9A48DB}"
EndProject
Project("{2150E333-8FDC-42A3-9474-1A3956D46DE8}") = "Packaging", "Packaging", "{2F0F9C69-C3F9-44CF-B960-291379EBE4A3}"
	ProjectSection(SolutionItems) = preProject
		..\packaging\ReleaseChecklist.txt = ..\packaging\ReleaseChecklist.txt
	EndProjectSection
EndProject
Project("{2150E333-8FDC-42A3-9474-1A3956D46DE8}") = "NuGet", "NuGet", "{04E29F4F-D227-4A9A-9D49-29F6A397D5D8}"
	ProjectSection(SolutionItems) = preProject
		..\packaging\CreateNuget.bat = ..\packaging\CreateNuget.bat
	EndProjectSection
EndProject
Project("{2150E333-8FDC-42A3-9474-1A3956D46DE8}") = "Umbraco", "Umbraco", "{BCECCD67-1A41-4084-80E3-8408AAC3D6A9}"
	ProjectSection(SolutionItems) = preProject
		..\packaging\CreateUmbracoPackage.ps1 = ..\packaging\CreateUmbracoPackage.ps1
		..\packaging\package.xml = ..\packaging\package.xml
	EndProjectSection
EndProject
Global
	GlobalSection(SolutionConfigurationPlatforms) = preSolution
		Debug|Any CPU = Debug|Any CPU
		Release|Any CPU = Release|Any CPU
	EndGlobalSection
	GlobalSection(ProjectConfigurationPlatforms) = postSolution
		{1FA300FD-4D2A-4504-9D46-D475CB9A48DB}.Debug|Any CPU.ActiveCfg = Debug|Any CPU
		{1FA300FD-4D2A-4504-9D46-D475CB9A48DB}.Debug|Any CPU.Build.0 = Debug|Any CPU
		{1FA300FD-4D2A-4504-9D46-D475CB9A48DB}.Release|Any CPU.ActiveCfg = Release|Any CPU
		{1FA300FD-4D2A-4504-9D46-D475CB9A48DB}.Release|Any CPU.Build.0 = Release|Any CPU
	EndGlobalSection
	GlobalSection(SolutionProperties) = preSolution
		HideSolutionNode = FALSE
	EndGlobalSection
	GlobalSection(NestedProjects) = preSolution
		{04E29F4F-D227-4A9A-9D49-29F6A397D5D8} = {2F0F9C69-C3F9-44CF-B960-291379EBE4A3}
		{BCECCD67-1A41-4084-80E3-8408AAC3D6A9} = {2F0F9C69-C3F9-44CF-B960-291379EBE4A3}
	EndGlobalSection
EndGlobal
